// !$*UTF8*$!
{
	archiveVersion = 1;
	classes = {
	};
	objectVersion = 56;
	objects = {

/* Begin PBXBuildFile section */
		C803FD442B1B2A52007A8FC2 /* JournalEntryDetailViewcontroller.swift in Sources */ = {isa = PBXBuildFile; fileRef = C803FD432B1B2A52007A8FC2 /* JournalEntryDetailViewcontroller.swift */; };
		C8ED8E022B173F490050EB8A /* AppDelegate.swift in Sources */ = {isa = PBXBuildFile; fileRef = C8ED8E012B173F490050EB8A /* AppDelegate.swift */; };
		C8ED8E042B173F490050EB8A /* SceneDelegate.swift in Sources */ = {isa = PBXBuildFile; fileRef = C8ED8E032B173F490050EB8A /* SceneDelegate.swift */; };
		C8ED8E062B173F490050EB8A /* JournalListViewController.swift in Sources */ = {isa = PBXBuildFile; fileRef = C8ED8E052B173F490050EB8A /* JournalListViewController.swift */; };
		C8ED8E092B173F490050EB8A /* Main.storyboard in Resources */ = {isa = PBXBuildFile; fileRef = C8ED8E072B173F490050EB8A /* Main.storyboard */; };
		C8ED8E0B2B173F4B0050EB8A /* Assets.xcassets in Resources */ = {isa = PBXBuildFile; fileRef = C8ED8E0A2B173F4B0050EB8A /* Assets.xcassets */; };
		C8ED8E0E2B173F4B0050EB8A /* LaunchScreen.storyboard in Resources */ = {isa = PBXBuildFile; fileRef = C8ED8E0C2B173F4B0050EB8A /* LaunchScreen.storyboard */; };
		C8ED8E1C2B177F9D0050EB8A /* JournalEntry.swift in Sources */ = {isa = PBXBuildFile; fileRef = C8ED8E1B2B177F9D0050EB8A /* JournalEntry.swift */; };
		C8ED8E1E2B1782EB0050EB8A /* JournalListTableViewCell.swift in Sources */ = {isa = PBXBuildFile; fileRef = C8ED8E1D2B1782EB0050EB8A /* JournalListTableViewCell.swift */; };
		C8ED8E222B19A37B0050EB8A /* AddJournalEntryViewController.swift in Sources */ = {isa = PBXBuildFile; fileRef = C8ED8E212B19A37A0050EB8A /* AddJournalEntryViewController.swift */; };
/* End PBXBuildFile section */

/* Begin PBXFileReference section */
		C803FD432B1B2A52007A8FC2 /* JournalEntryDetailViewcontroller.swift */ = {isa = PBXFileReference; lastKnownFileType = sourcecode.swift; path = JournalEntryDetailViewcontroller.swift; sourceTree = "<group>"; };
		C8ED8DFE2B173F490050EB8A /* MyJournal.app */ = {isa = PBXFileReference; explicitFileType = wrapper.application; includeInIndex = 0; path = MyJournal.app; sourceTree = BUILT_PRODUCTS_DIR; };
		C8ED8E012B173F490050EB8A /* AppDelegate.swift */ = {isa = PBXFileReference; lastKnownFileType = sourcecode.swift; path = AppDelegate.swift; sourceTree = "<group>"; };
		C8ED8E032B173F490050EB8A /* SceneDelegate.swift */ = {isa = PBXFileReference; lastKnownFileType = sourcecode.swift; path = SceneDelegate.swift; sourceTree = "<group>"; };
		C8ED8E052B173F490050EB8A /* JournalListViewController.swift */ = {isa = PBXFileReference; lastKnownFileType = sourcecode.swift; path = JournalListViewController.swift; sourceTree = "<group>"; };
		C8ED8E082B173F490050EB8A /* Base */ = {isa = PBXFileReference; lastKnownFileType = file.storyboard; name = Base; path = Base.lproj/Main.storyboard; sourceTree = "<group>"; };
		C8ED8E0A2B173F4B0050EB8A /* Assets.xcassets */ = {isa = PBXFileReference; lastKnownFileType = folder.assetcatalog; path = Assets.xcassets; sourceTree = "<group>"; };
		C8ED8E0D2B173F4B0050EB8A /* Base */ = {isa = PBXFileReference; lastKnownFileType = file.storyboard; name = Base; path = Base.lproj/LaunchScreen.storyboard; sourceTree = "<group>"; };
		C8ED8E0F2B173F4B0050EB8A /* Info.plist */ = {isa = PBXFileReference; lastKnownFileType = text.plist.xml; path = Info.plist; sourceTree = "<group>"; };
		C8ED8E1B2B177F9D0050EB8A /* JournalEntry.swift */ = {isa = PBXFileReference; lastKnownFileType = sourcecode.swift; path = JournalEntry.swift; sourceTree = "<group>"; };
		C8ED8E1D2B1782EB0050EB8A /* JournalListTableViewCell.swift */ = {isa = PBXFileReference; lastKnownFileType = sourcecode.swift; path = JournalListTableViewCell.swift; sourceTree = "<group>"; };
		C8ED8E212B19A37A0050EB8A /* AddJournalEntryViewController.swift */ = {isa = PBXFileReference; lastKnownFileType = sourcecode.swift; path = AddJournalEntryViewController.swift; sourceTree = "<group>"; };
/* End PBXFileReference section */

/* Begin PBXFrameworksBuildPhase section */
		C8ED8DFB2B173F490050EB8A /* Frameworks */ = {
			isa = PBXFrameworksBuildPhase;
			buildActionMask = 2147483647;
			files = (
			);
			runOnlyForDeploymentPostprocessing = 0;
		};
/* End PBXFrameworksBuildPhase section */

/* Begin PBXGroup section */
		C803FD402B1B256C007A8FC2 /* Journal Entry Detail Screen */ = {
			isa = PBXGroup;
			children = (
				C803FD432B1B2A52007A8FC2 /* JournalEntryDetailViewcontroller.swift */,
			);
			path = "Journal Entry Detail Screen";
			sourceTree = "<group>";
		};
		C8ED8DF52B173F490050EB8A = {
			isa = PBXGroup;
			children = (
				C8ED8E002B173F490050EB8A /* MyJournal */,
				C8ED8DFF2B173F490050EB8A /* Products */,
			);
			sourceTree = "<group>";
		};
		C8ED8DFF2B173F490050EB8A /* Products */ = {
			isa = PBXGroup;
			children = (
				C8ED8DFE2B173F490050EB8A /* MyJournal.app */,
			);
			name = Products;
			sourceTree = "<group>";
		};
		C8ED8E002B173F490050EB8A /* MyJournal */ = {
			isa = PBXGroup;
			children = (
				C803FD402B1B256C007A8FC2 /* Journal Entry Detail Screen */,
				C8ED8E202B19A33A0050EB8A /* Add New Journal Entry Screen */,
				C8ED8E012B173F490050EB8A /* AppDelegate.swift */,
				C8ED8E032B173F490050EB8A /* SceneDelegate.swift */,
				C8ED8E182B177F6A0050EB8A /* Journal List Screen */,
				C8ED8E072B173F490050EB8A /* Main.storyboard */,
				C8ED8E0A2B173F4B0050EB8A /* Assets.xcassets */,
				C8ED8E0C2B173F4B0050EB8A /* LaunchScreen.storyboard */,
				C8ED8E0F2B173F4B0050EB8A /* Info.plist */,
			);
			path = MyJournal;
			sourceTree = "<group>";
		};
		C8ED8E182B177F6A0050EB8A /* Journal List Screen */ = {
			isa = PBXGroup;
			children = (
				C8ED8E1A2B177F830050EB8A /* View */,
				C8ED8E192B177F7A0050EB8A /* Model */,
				C8ED8E052B173F490050EB8A /* JournalListViewController.swift */,
			);
			path = "Journal List Screen";
			sourceTree = "<group>";
		};
		C8ED8E192B177F7A0050EB8A /* Model */ = {
			isa = PBXGroup;
			children = (
				C8ED8E1B2B177F9D0050EB8A /* JournalEntry.swift */,
			);
			path = Model;
			sourceTree = "<group>";
		};
		C8ED8E1A2B177F830050EB8A /* View */ = {
			isa = PBXGroup;
			children = (
				C8ED8E1D2B1782EB0050EB8A /* JournalListTableViewCell.swift */,
			);
			path = View;
			sourceTree = "<group>";
		};
		C8ED8E202B19A33A0050EB8A /* Add New Journal Entry Screen */ = {
			isa = PBXGroup;
			children = (
				C8ED8E212B19A37A0050EB8A /* AddJournalEntryViewController.swift */,
			);
			path = "Add New Journal Entry Screen";
			sourceTree = "<group>";
		};
/* End PBXGroup section */

/* Begin PBXNativeTarget section */
		C8ED8DFD2B173F490050EB8A /* MyJournal */ = {
			isa = PBXNativeTarget;
			buildConfigurationList = C8ED8E122B173F4B0050EB8A /* Build configuration list for PBXNativeTarget "MyJournal" */;
			buildPhases = (
				C8ED8DFA2B173F490050EB8A /* Sources */,
				C8ED8DFB2B173F490050EB8A /* Frameworks */,
				C8ED8DFC2B173F490050EB8A /* Resources */,
			);
			buildRules = (
			);
			dependencies = (
			);
			name = MyJournal;
			productName = MyJournal;
			productReference = C8ED8DFE2B173F490050EB8A /* MyJournal.app */;
			productType = "com.apple.product-type.application";
		};
/* End PBXNativeTarget section */

/* Begin PBXProject section */
		C8ED8DF62B173F490050EB8A /* Project object */ = {
			isa = PBXProject;
			attributes = {
				BuildIndependentTargetsInParallel = 1;
				LastSwiftUpdateCheck = 1500;
				LastUpgradeCheck = 1500;
				TargetAttributes = {
					C8ED8DFD2B173F490050EB8A = {
						CreatedOnToolsVersion = 15.0.1;
					};
				};
			};
			buildConfigurationList = C8ED8DF92B173F490050EB8A /* Build configuration list for PBXProject "MyJournal" */;
			compatibilityVersion = "Xcode 14.0";
			developmentRegion = en;
			hasScannedForEncodings = 0;
			knownRegions = (
				en,
				Base,
			);
			mainGroup = C8ED8DF52B173F490050EB8A;
			productRefGroup = C8ED8DFF2B173F490050EB8A /* Products */;
			projectDirPath = "";
			projectRoot = "";
			targets = (
				C8ED8DFD2B173F490050EB8A /* MyJournal */,
			);
		};
/* End PBXProject section */

/* Begin PBXResourcesBuildPhase section */
		C8ED8DFC2B173F490050EB8A /* Resources */ = {
			isa = PBXResourcesBuildPhase;
			buildActionMask = 2147483647;
			files = (
				C8ED8E0E2B173F4B0050EB8A /* LaunchScreen.storyboard in Resources */,
				C8ED8E0B2B173F4B0050EB8A /* Assets.xcassets in Resources */,
				C8ED8E092B173F490050EB8A /* Main.storyboard in Resources */,
			);
			runOnlyForDeploymentPostprocessing = 0;
		};
/* End PBXResourcesBuildPhase section */

/* Begin PBXSourcesBuildPhase section */
		C8ED8DFA2B173F490050EB8A /* Sources */ = {
			isa = PBXSourcesBuildPhase;
			buildActionMask = 2147483647;
			files = (
				C8ED8E062B173F490050EB8A /* JournalListViewController.swift in Sources */,
				C8ED8E022B173F490050EB8A /* AppDelegate.swift in Sources */,
				C8ED8E1C2B177F9D0050EB8A /* JournalEntry.swift in Sources */,
				C8ED8E1E2B1782EB0050EB8A /* JournalListTableViewCell.swift in Sources */,
				C8ED8E042B173F490050EB8A /* SceneDelegate.swift in Sources */,
				C8ED8E222B19A37B0050EB8A /* AddJournalEntryViewController.swift in Sources */,
				C803FD442B1B2A52007A8FC2 /* JournalEntryDetailViewcontroller.swift in Sources */,
			);
			runOnlyForDeploymentPostprocessing = 0;
		};
/* End PBXSourcesBuildPhase section */

/* Begin PBXVariantGroup section */
		C8ED8E072B173F490050EB8A /* Main.storyboard */ = {
			isa = PBXVariantGroup;
			children = (
				C8ED8E082B173F490050EB8A /* Base */,
			);
			name = Main.storyboard;
			sourceTree = "<group>";
		};
		C8ED8E0C2B173F4B0050EB8A /* LaunchScreen.storyboard */ = {
			isa = PBXVariantGroup;
			children = (
				C8ED8E0D2B173F4B0050EB8A /* Base */,
			);
			name = LaunchScreen.storyboard;
			sourceTree = "<group>";
		};
/* End PBXVariantGroup section */

/* Begin XCBuildConfiguration section */
		C8ED8E102B173F4B0050EB8A /* Debug */ = {
			isa = XCBuildConfiguration;
			buildSettings = {
				ALWAYS_SEARCH_USER_PATHS = NO;
				ASSETCATALOG_COMPILER_GENERATE_SWIFT_ASSET_SYMBOL_EXTENSIONS = YES;
				CLANG_ANALYZER_NONNULL = YES;
				CLANG_ANALYZER_NUMBER_OBJECT_CONVERSION = YES_AGGRESSIVE;
				CLANG_CXX_LANGUAGE_STANDARD = "gnu++20";
				CLANG_ENABLE_MODULES = YES;
				CLANG_ENABLE_OBJC_ARC = YES;
				CLANG_ENABLE_OBJC_WEAK = YES;
				CLANG_WARN_BLOCK_CAPTURE_AUTORELEASING = YES;
				CLANG_WARN_BOOL_CONVERSION = YES;
				CLANG_WARN_COMMA = YES;
				CLANG_WARN_CONSTANT_CONVERSION = YES;
				CLANG_WARN_DEPRECATED_OBJC_IMPLEMENTATIONS = YES;
				CLANG_WARN_DIRECT_OBJC_ISA_USAGE = YES_ERROR;
				CLANG_WARN_DOCUMENTATION_COMMENTS = YES;
				CLANG_WARN_EMPTY_BODY = YES;
				CLANG_WARN_ENUM_CONVERSION = YES;
				CLANG_WARN_INFINITE_RECURSION = YES;
				CLANG_WARN_INT_CONVERSION = YES;
				CLANG_WARN_NON_LITERAL_NULL_CONVERSION = YES;
				CLANG_WARN_OBJC_IMPLICIT_RETAIN_SELF = YES;
				CLANG_WARN_OBJC_LITERAL_CONVERSION = YES;
				CLANG_WARN_OBJC_ROOT_CLASS = YES_ERROR;
				CLANG_WARN_QUOTED_INCLUDE_IN_FRAMEWORK_HEADER = YES;
				CLANG_WARN_RANGE_LOOP_ANALYSIS = YES;
				CLANG_WARN_STRICT_PROTOTYPES = YES;
				CLANG_WARN_SUSPICIOUS_MOVE = YES;
				CLANG_WARN_UNGUARDED_AVAILABILITY = YES_AGGRESSIVE;
				CLANG_WARN_UNREACHABLE_CODE = YES;
				CLANG_WARN__DUPLICATE_METHOD_MATCH = YES;
				COPY_PHASE_STRIP = NO;
				DEBUG_INFORMATION_FORMAT = dwarf;
				ENABLE_STRICT_OBJC_MSGSEND = YES;
				ENABLE_TESTABILITY = YES;
				ENABLE_USER_SCRIPT_SANDBOXING = YES;
				GCC_C_LANGUAGE_STANDARD = gnu17;
				GCC_DYNAMIC_NO_PIC = NO;
				GCC_NO_COMMON_BLOCKS = YES;
				GCC_OPTIMIZATION_LEVEL = 0;
				GCC_PREPROCESSOR_DEFINITIONS = (
					"DEBUG=1",
					"$(inherited)",
				);
				GCC_WARN_64_TO_32_BIT_CONVERSION = YES;
				GCC_WARN_ABOUT_RETURN_TYPE = YES_ERROR;
				GCC_WARN_UNDECLARED_SELECTOR = YES;
				GCC_WARN_UNINITIALIZED_AUTOS = YES_AGGRESSIVE;
				GCC_WARN_UNUSED_FUNCTION = YES;
				GCC_WARN_UNUSED_VARIABLE = YES;
				IPHONEOS_DEPLOYMENT_TARGET = 17.0;
				LOCALIZATION_PREFERS_STRING_CATALOGS = YES;
				MTL_ENABLE_DEBUG_INFO = INCLUDE_SOURCE;
				MTL_FAST_MATH = YES;
				ONLY_ACTIVE_ARCH = YES;
				SDKROOT = iphoneos;
				SWIFT_ACTIVE_COMPILATION_CONDITIONS = "DEBUG $(inherited)";
				SWIFT_OPTIMIZATION_LEVEL = "-Onone";
			};
			name = Debug;
		};
		C8ED8E112B173F4B0050EB8A /* Release */ = {
			isa = XCBuildConfiguration;
			buildSettings = {
				ALWAYS_SEARCH_USER_PATHS = NO;
				ASSETCATALOG_COMPILER_GENERATE_SWIFT_ASSET_SYMBOL_EXTENSIONS = YES;
				CLANG_ANALYZER_NONNULL = YES;
				CLANG_ANALYZER_NUMBER_OBJECT_CONVERSION = YES_AGGRESSIVE;
				CLANG_CXX_LANGUAGE_STANDARD = "gnu++20";
				CLANG_ENABLE_MODULES = YES;
				CLANG_ENABLE_OBJC_ARC = YES;
				CLANG_ENABLE_OBJC_WEAK = YES;
				CLANG_WARN_BLOCK_CAPTURE_AUTORELEASING = YES;
				CLANG_WARN_BOOL_CONVERSION = YES;
				CLANG_WARN_COMMA = YES;
				CLANG_WARN_CONSTANT_CONVERSION = YES;
				CLANG_WARN_DEPRECATED_OBJC_IMPLEMENTATIONS = YES;
				CLANG_WARN_DIRECT_OBJC_ISA_USAGE = YES_ERROR;
				CLANG_WARN_DOCUMENTATION_COMMENTS = YES;
				CLANG_WARN_EMPTY_BODY = YES;
				CLANG_WARN_ENUM_CONVERSION = YES;
				CLANG_WARN_INFINITE_RECURSION = YES;
				CLANG_WARN_INT_CONVERSION = YES;
				CLANG_WARN_NON_LITERAL_NULL_CONVERSION = YES;
				CLANG_WARN_OBJC_IMPLICIT_RETAIN_SELF = YES;
				CLANG_WARN_OBJC_LITERAL_CONVERSION = YES;
				CLANG_WARN_OBJC_ROOT_CLASS = YES_ERROR;
				CLANG_WARN_QUOTED_INCLUDE_IN_FRAMEWORK_HEADER = YES;
				CLANG_WARN_RANGE_LOOP_ANALYSIS = YES;
				CLANG_WARN_STRICT_PROTOTYPES = YES;
				CLANG_WARN_SUSPICIOUS_MOVE = YES;
				CLANG_WARN_UNGUARDED_AVAILABILITY = YES_AGGRESSIVE;
				CLANG_WARN_UNREACHABLE_CODE = YES;
				CLANG_WARN__DUPLICATE_METHOD_MATCH = YES;
				COPY_PHASE_STRIP = NO;
				DEBUG_INFORMATION_FORMAT = "dwarf-with-dsym";
				ENABLE_NS_ASSERTIONS = NO;
				ENABLE_STRICT_OBJC_MSGSEND = YES;
				ENABLE_USER_SCRIPT_SANDBOXING = YES;
				GCC_C_LANGUAGE_STANDARD = gnu17;
				GCC_NO_COMMON_BLOCKS = YES;
				GCC_WARN_64_TO_32_BIT_CONVERSION = YES;
				GCC_WARN_ABOUT_RETURN_TYPE = YES_ERROR;
				GCC_WARN_UNDECLARED_SELECTOR = YES;
				GCC_WARN_UNINITIALIZED_AUTOS = YES_AGGRESSIVE;
				GCC_WARN_UNUSED_FUNCTION = YES;
				GCC_WARN_UNUSED_VARIABLE = YES;
				IPHONEOS_DEPLOYMENT_TARGET = 17.0;
				LOCALIZATION_PREFERS_STRING_CATALOGS = YES;
				MTL_ENABLE_DEBUG_INFO = NO;
				MTL_FAST_MATH = YES;
				SDKROOT = iphoneos;
				SWIFT_COMPILATION_MODE = wholemodule;
				VALIDATE_PRODUCT = YES;
			};
			name = Release;
		};
		C8ED8E132B173F4B0050EB8A /* Debug */ = {
			isa = XCBuildConfiguration;
			buildSettings = {
				ASSETCATALOG_COMPILER_APPICON_NAME = AppIcon;
				ASSETCATALOG_COMPILER_GLOBAL_ACCENT_COLOR_NAME = AccentColor;
				CODE_SIGN_STYLE = Automatic;
				CURRENT_PROJECT_VERSION = 1;
				DEVELOPMENT_TEAM = D3A53M6A2K;
				GENERATE_INFOPLIST_FILE = YES;
				INFOPLIST_FILE = MyJournal/Info.plist;
				INFOPLIST_KEY_UIApplicationSupportsIndirectInputEvents = YES;
				INFOPLIST_KEY_UILaunchStoryboardName = LaunchScreen;
				INFOPLIST_KEY_UIMainStoryboardFile = Main;
				INFOPLIST_KEY_UISupportedInterfaceOrientations = UIInterfaceOrientationPortrait;
				INFOPLIST_KEY_UISupportedInterfaceOrientations_iPad = "UIInterfaceOrientationLandscapeLeft UIInterfaceOrientationLandscapeRight UIInterfaceOrientationPortrait UIInterfaceOrientationPortraitUpsideDown";
				LD_RUNPATH_SEARCH_PATHS = (
					"$(inherited)",
					"@executable_path/Frameworks",
				);
				MARKETING_VERSION = 1.0;
				PRODUCT_BUNDLE_IDENTIFIER = JS.MyJournal;
				PRODUCT_NAME = "$(TARGET_NAME)";
				SWIFT_EMIT_LOC_STRINGS = YES;
				SWIFT_VERSION = 5.0;
				TARGETED_DEVICE_FAMILY = "1,2";
			};
			name = Debug;
		};
		C8ED8E142B173F4B0050EB8A /* Release */ = {
			isa = XCBuildConfiguration;
			buildSettings = {
				ASSETCATALOG_COMPILER_APPICON_NAME = AppIcon;
				ASSETCATALOG_COMPILER_GLOBAL_ACCENT_COLOR_NAME = AccentColor;
				CODE_SIGN_STYLE = Automatic;
				CURRENT_PROJECT_VERSION = 1;
				DEVELOPMENT_TEAM = D3A53M6A2K;
				GENERATE_INFOPLIST_FILE = YES;
				INFOPLIST_FILE = MyJournal/Info.plist;
				INFOPLIST_KEY_UIApplicationSupportsIndirectInputEvents = YES;
				INFOPLIST_KEY_UILaunchStoryboardName = LaunchScreen;
				INFOPLIST_KEY_UIMainStoryboardFile = Main;
				INFOPLIST_KEY_UISupportedInterfaceOrientations = UIInterfaceOrientationPortrait;
				INFOPLIST_KEY_UISupportedInterfaceOrientations_iPad = "UIInterfaceOrientationLandscapeLeft UIInterfaceOrientationLandscapeRight UIInterfaceOrientationPortrait UIInterfaceOrientationPortraitUpsideDown";
				LD_RUNPATH_SEARCH_PATHS = (
					"$(inherited)",
					"@executable_path/Frameworks",
				);
				MARKETING_VERSION = 1.0;
				PRODUCT_BUNDLE_IDENTIFIER = JS.MyJournal;
				PRODUCT_NAME = "$(TARGET_NAME)";
				SWIFT_EMIT_LOC_STRINGS = YES;
				SWIFT_VERSION = 5.0;
				TARGETED_DEVICE_FAMILY = "1,2";
			};
			name = Release;
		};
/* End XCBuildConfiguration section */

/* Begin XCConfigurationList section */
		C8ED8DF92B173F490050EB8A /* Build configuration list for PBXProject "MyJournal" */ = {
			isa = XCConfigurationList;
			buildConfigurations = (
				C8ED8E102B173F4B0050EB8A /* Debug */,
				C8ED8E112B173F4B0050EB8A /* Release */,
			);
			defaultConfigurationIsVisible = 0;
			defaultConfigurationName = Release;
		};
		C8ED8E122B173F4B0050EB8A /* Build configuration list for PBXNativeTarget "MyJournal" */ = {
			isa = XCConfigurationList;
			buildConfigurations = (
				C8ED8E132B173F4B0050EB8A /* Debug */,
				C8ED8E142B173F4B0050EB8A /* Release */,
			);
			defaultConfigurationIsVisible = 0;
			defaultConfigurationName = Release;
		};
/* End XCConfigurationList section */
	};
	rootObject = C8ED8DF62B173F490050EB8A /* Project object */;
}
